Microsoft Visual Studio Solution File, Format Version 12.00
# Visual Studio Version 17
VisualStudioVersion = 17.5.2.0
MinimumVisualStudioVersion = 10.0.40219.1
Project("{FAE04EC0-301F-11D3-BF4B-00C04F79EFBC}") = "SharpTerm.Tests", "SharpTerm.Tests.csproj", "{47978F9B-6B03-51C6-3367-36DFD46A4E8B}"
EndProject
Global
	GlobalSection(SolutionConfigurationPlatforms) = preSolution
		Debug|Any CPU = Debug|Any CPU
		Release|Any CPU = Release|Any CPU
	EndGlobalSection
	GlobalSection(ProjectConfigurationPlatforms) = postSolution
		{47978F9B-6B03-51C6-3367-36DFD46A4E8B}.Debug|Any CPU.ActiveCfg = Debug|Any CPU
		{47978F9B-6B03-51C6-3367-36DFD46A4E8B}.Debug|Any CPU.Build.0 = Debug|Any CPU
		{47978F9B-6B03-51C6-3367-36DFD46A4E8B}.Release|Any CPU.ActiveCfg = Release|Any CPU
		{47978F9B-6B03-51C6-3367-36DFD46A4E8B}.Release|Any CPU.Build.0 = Release|Any CPU
	EndGlobalSection
	GlobalSection(SolutionProperties) = preSolution
		HideSolutionNode = FALSE
	EndGlobalSection
	GlobalSection(ExtensibilityGlobals) = postSolution
		SolutionGuid = {5F924ABA-D36E-42D3-AFF0-69420DAB3669}
	EndGlobalSection
EndGlobal
